
Microsoft Visual Studio Solution File, Format Version 12.00
# Visual Studio 15
VisualStudioVersion = 15.0.28010.2019
MinimumVisualStudioVersion = 10.0.40219.1
Project("{FAE04EC0-301F-11D3-BF4B-00C04F79EFBC}") = "ConsoleApp1", "ConsoleApp1\ConsoleApp1.csproj", "{413A8F7C-091E-4D6E-A124-182B5FCDDF4F}"
EndProject
Project("{FAE04EC0-301F-11D3-BF4B-00C04F79EFBC}") = "UnitTestProject2", "UnitTestProject2\UnitTestProject2.csproj", "{D2C096DB-6379-4AE8-BAD4-7EB9E2501BD4}"
EndProject
Global
	GlobalSection(SolutionConfigurationPlatforms) = preSolution
		Debug|Any CPU = Debug|Any CPU
		Release|Any CPU = Release|Any CPU
	EndGlobalSection
	GlobalSection(ProjectConfigurationPlatforms) = postSolution
		{413A8F7C-091E-4D6E-A124-182B5FCDDF4F}.Debug|Any CPU.ActiveCfg = Debug|Any CPU
		{413A8F7C-091E-4D6E-A124-182B5FCDDF4F}.Debug|Any CPU.Build.0 = Debug|Any CPU
		{413A8F7C-091E-4D6E-A124-182B5FCDDF4F}.Release|Any CPU.ActiveCfg = Release|Any CPU
		{413A8F7C-091E-4D6E-A124-182B5FCDDF4F}.Release|Any CPU.Build.0 = Release|Any CPU
		{D2C096DB-6379-4AE8-BAD4-7EB9E2501BD4}.Debug|Any CPU.ActiveCfg = Debug|Any CPU
		{D2C096DB-6379-4AE8-BAD4-7EB9E2501BD4}.Debug|Any CPU.Build.0 = Debug|Any CPU
		{D2C096DB-6379-4AE8-BAD4-7EB9E2501BD4}.Release|Any CPU.ActiveCfg = Release|Any CPU
		{D2C096DB-6379-4AE8-BAD4-7EB9E2501BD4}.Release|Any CPU.Build.0 = Release|Any CPU
	EndGlobalSection
	GlobalSection(SolutionProperties) = preSolution
		HideSolutionNode = FALSE
	EndGlobalSection
	GlobalSection(ExtensibilityGlobals) = postSolution
		SolutionGuid = {5DF9933C-1F0A-4D9E-AD26-26764203D413}
	EndGlobalSection
EndGlobal
